
Microsoft Visual Studio Solution File, Format Version 12.00
# Visual Studio Version 17
VisualStudioVersion = 17.10.35013.160
MinimumVisualStudioVersion = 10.0.40219.1
Project("{FAE04EC0-301F-11D3-BF4B-00C04F79EFBC}") = "OnlineProductsPortal", "OnlineProductsPortal\OnlineProductsPortal.csproj", "{6389944A-D0D5-4152-BC28-108E6311D2E6}"
EndProject
Global
	GlobalSection(SolutionConfigurationPlatforms) = preSolution
		Debug|Any CPU = Debug|Any CPU
		Release|Any CPU = Release|Any CPU
	EndGlobalSection
	GlobalSection(ProjectConfigurationPlatforms) = postSolution
		{6389944A-D0D5-4152-BC28-108E6311D2E6}.Debug|Any CPU.ActiveCfg = Debug|Any CPU
		{6389944A-D0D5-4152-BC28-108E6311D2E6}.Debug|Any CPU.Build.0 = Debug|Any CPU
		{6389944A-D0D5-4152-BC28-108E6311D2E6}.Release|Any CPU.ActiveCfg = Release|Any CPU
		{6389944A-D0D5-4152-BC28-108E6311D2E6}.Release|Any CPU.Build.0 = Release|Any CPU
	EndGlobalSection
	GlobalSection(SolutionProperties) = preSolution
		HideSolutionNode = FALSE
	EndGlobalSection
	GlobalSection(ExtensibilityGlobals) = postSolution
		SolutionGuid = {3E45070D-F21D-4DEB-A6FA-746F32C35381}
	EndGlobalSection
EndGlobal
